
Microsoft Visual Studio Solution File, Format Version 12.00
# Visual Studio Version 17
VisualStudioVersion = 17.10.35013.160
MinimumVisualStudioVersion = 10.0.40219.1
Project("{FAE04EC0-301F-11D3-BF4B-00C04F79EFBC}") = "club.soundyard.web", "club.soundyard.web\club.soundyard.web.csproj", "{97E6DFA2-FD40-4375-824C-9FE64DC1FD44}"
EndProject
Global
	GlobalSection(SolutionConfigurationPlatforms) = preSolution
		Debug|Any CPU = Debug|Any CPU
		Release|Any CPU = Release|Any CPU
	EndGlobalSection
	GlobalSection(ProjectConfigurationPlatforms) = postSolution
		{97E6DFA2-FD40-4375-824C-9FE64DC1FD44}.Debug|Any CPU.ActiveCfg = Debug|Any CPU
		{97E6DFA2-FD40-4375-824C-9FE64DC1FD44}.Debug|Any CPU.Build.0 = Debug|Any CPU
		{97E6DFA2-FD40-4375-824C-9FE64DC1FD44}.Release|Any CPU.ActiveCfg = Release|Any CPU
		{97E6DFA2-FD40-4375-824C-9FE64DC1FD44}.Release|Any CPU.Build.0 = Release|Any CPU
	EndGlobalSection
	GlobalSection(SolutionProperties) = preSolution
		HideSolutionNode = FALSE
	EndGlobalSection
	GlobalSection(ExtensibilityGlobals) = postSolution
		SolutionGuid = {8AA02699-A583-47AC-83D6-7C01DFC53E98}
	EndGlobalSection
EndGlobal
